
Microsoft Visual Studio Solution File, Format Version 12.00
# Visual Studio Version 16
VisualStudioVersion = 16.0.30621.155
MinimumVisualStudioVersion = 10.0.40219.1
Project("{FAE04EC0-301F-11D3-BF4B-00C04F79EFBC}") = "ConnectedComponents", "ConnectedComponents\ConnectedComponents.csproj", "{5FEC284D-F1ED-492C-8F2B-CA4724BB6DDD}"
EndProject
Global
	GlobalSection(SolutionConfigurationPlatforms) = preSolution
		Debug|Any CPU = Debug|Any CPU
		Release|Any CPU = Release|Any CPU
	EndGlobalSection
	GlobalSection(ProjectConfigurationPlatforms) = postSolution
		{5FEC284D-F1ED-492C-8F2B-CA4724BB6DDD}.Debug|Any CPU.ActiveCfg = Debug|Any CPU
		{5FEC284D-F1ED-492C-8F2B-CA4724BB6DDD}.Debug|Any CPU.Build.0 = Debug|Any CPU
		{5FEC284D-F1ED-492C-8F2B-CA4724BB6DDD}.Release|Any CPU.ActiveCfg = Release|Any CPU
		{5FEC284D-F1ED-492C-8F2B-CA4724BB6DDD}.Release|Any CPU.Build.0 = Release|Any CPU
	EndGlobalSection
	GlobalSection(SolutionProperties) = preSolution
		HideSolutionNode = FALSE
	EndGlobalSection
	GlobalSection(ExtensibilityGlobals) = postSolution
		SolutionGuid = {605992F9-5491-4EC8-A866-8850B04DC973}
	EndGlobalSection
EndGlobal
